
Microsoft Visual Studio Solution File, Format Version 11.00
# Visual Studio 2010
Project("{8BC9CEB8-8B4A-11D0-8D11-00A0C91BC942}") = "fileReading", "fileReading\fileReading.vcxproj", "{31A58833-6122-47B6-A568-8E2CB669BD82}"
EndProject
Global
	GlobalSection(SolutionConfigurationPlatforms) = preSolution
		Debug|Win32 = Debug|Win32
		Release|Win32 = Release|Win32
	EndGlobalSection
	GlobalSection(ProjectConfigurationPlatforms) = postSolution
		{31A58833-6122-47B6-A568-8E2CB669BD82}.Debug|Win32.ActiveCfg = Debug|Win32
		{31A58833-6122-47B6-A568-8E2CB669BD82}.Debug|Win32.Build.0 = Debug|Win32
		{31A58833-6122-47B6-A568-8E2CB669BD82}.Release|Win32.ActiveCfg = Release|Win32
		{31A58833-6122-47B6-A568-8E2CB669BD82}.Release|Win32.Build.0 = Release|Win32
	EndGlobalSection
	GlobalSection(SolutionProperties) = preSolution
		HideSolutionNode = FALSE
	EndGlobalSection
EndGlobal
